// !$*UTF8*$!
{
	archiveVersion = 1;
	classes = {
	};
	objectVersion = 46;
	objects = {

/* Begin PBXBuildFile section */
		33D5CD581F3F4D8F005EEEB7 /* AppDelegate.swift in Sources */ = {isa = PBXBuildFile; fileRef = 33D5CD571F3F4D8F005EEEB7 /* AppDelegate.swift */; };
		33D5CD5A1F3F4D8F005EEEB7 /* ViewController.swift in Sources */ = {isa = PBXBuildFile; fileRef = 33D5CD591F3F4D8F005EEEB7 /* ViewController.swift */; };
		33D5CD5D1F3F4D8F005EEEB7 /* Main.storyboard in Resources */ = {isa = PBXBuildFile; fileRef = 33D5CD5B1F3F4D8F005EEEB7 /* Main.storyboard */; };
		33D5CD5F1F3F4D8F005EEEB7 /* Assets.xcassets in Resources */ = {isa = PBXBuildFile; fileRef = 33D5CD5E1F3F4D8F005EEEB7 /* Assets.xcassets */; };
		33D5CD621F3F4D8F005EEEB7 /* LaunchScreen.storyboard in Resources */ = {isa = PBXBuildFile; fileRef = 33D5CD601F3F4D8F005EEEB7 /* LaunchScreen.storyboard */; };
		33D5CD6D1F3F4D8F005EEEB7 /* garatotTests.swift in Sources */ = {isa = PBXBuildFile; fileRef = 33D5CD6C1F3F4D8F005EEEB7 /* garatotTests.swift */; };
		33D5CD781F3F4D8F005EEEB7 /* garatotUITests.swift in Sources */ = {isa = PBXBuildFile; fileRef = 33D5CD771F3F4D8F005EEEB7 /* garatotUITests.swift */; };
/* End PBXBuildFile section */

/* Begin PBXContainerItemProxy section */
		33D5CD691F3F4D8F005EEEB7 /* PBXContainerItemProxy */ = {
			isa = PBXContainerItemProxy;
			containerPortal = 33D5CD4C1F3F4D8F005EEEB7 /* Project object */;
			proxyType = 1;
			remoteGlobalIDString = 33D5CD531F3F4D8F005EEEB7;
			remoteInfo = garatot;
		};
		33D5CD741F3F4D8F005EEEB7 /* PBXContainerItemProxy */ = {
			isa = PBXContainerItemProxy;
			containerPortal = 33D5CD4C1F3F4D8F005EEEB7 /* Project object */;
			proxyType = 1;
			remoteGlobalIDString = 33D5CD531F3F4D8F005EEEB7;
			remoteInfo = garatot;
		};
/* End PBXContainerItemProxy section */

/* Begin PBXFileReference section */
		33D5CD541F3F4D8F005EEEB7 /* garatot.app */ = {isa = PBXFileReference; explicitFileType = wrapper.application; includeInIndex = 0; path = garatot.app; sourceTree = BUILT_PRODUCTS_DIR; };
		33D5CD571F3F4D8F005EEEB7 /* AppDelegate.swift */ = {isa = PBXFileReference; lastKnownFileType = sourcecode.swift; path = AppDelegate.swift; sourceTree = "<group>"; };
		33D5CD591F3F4D8F005EEEB7 /* ViewController.swift */ = {isa = PBXFileReference; lastKnownFileType = sourcecode.swift; path = ViewController.swift; sourceTree = "<group>"; };
		33D5CD5C1F3F4D8F005EEEB7 /* Base */ = {isa = PBXFileReference; lastKnownFileType = file.storyboard; name = Base; path = Base.lproj/Main.storyboard; sourceTree = "<group>"; };
		33D5CD5E1F3F4D8F005EEEB7 /* Assets.xcassets */ = {isa = PBXFileReference; lastKnownFileType = folder.assetcatalog; path = Assets.xcassets; sourceTree = "<group>"; };
		33D5CD611F3F4D8F005EEEB7 /* Base */ = {isa = PBXFileReference; lastKnownFileType = file.storyboard; name = Base; path = Base.lproj/LaunchScreen.storyboard; sourceTree = "<group>"; };
		33D5CD631F3F4D8F005EEEB7 /* Info.plist */ = {isa = PBXFileReference; lastKnownFileType = text.plist.xml; path = Info.plist; sourceTree = "<group>"; };
		33D5CD681F3F4D8F005EEEB7 /* garatotTests.xctest */ = {isa = PBXFileReference; explicitFileType = wrapper.cfbundle; includeInIndex = 0; path = garatotTests.xctest; sourceTree = BUILT_PRODUCTS_DIR; };
		33D5CD6C1F3F4D8F005EEEB7 /* garatotTests.swift */ = {isa = PBXFileReference; lastKnownFileType = sourcecode.swift; path = garatotTests.swift; sourceTree = "<group>"; };
		33D5CD6E1F3F4D8F005EEEB7 /* Info.plist */ = {isa = PBXFileReference; lastKnownFileType = text.plist.xml; path = Info.plist; sourceTree = "<group>"; };
		33D5CD731F3F4D8F005EEEB7 /* garatotUITests.xctest */ = {isa = PBXFileReference; explicitFileType = wrapper.cfbundle; includeInIndex = 0; path = garatotUITests.xctest; sourceTree = BUILT_PRODUCTS_DIR; };
		33D5CD771F3F4D8F005EEEB7 /* garatotUITests.swift */ = {isa = PBXFileReference; lastKnownFileType = sourcecode.swift; path = garatotUITests.swift; sourceTree = "<group>"; };
		33D5CD791F3F4D8F005EEEB7 /* Info.plist */ = {isa = PBXFileReference; lastKnownFileType = text.plist.xml; path = Info.plist; sourceTree = "<group>"; };
/* End PBXFileReference section */

/* Begin PBXFrameworksBuildPhase section */
		33D5CD511F3F4D8F005EEEB7 /* Frameworks */ = {
			isa = PBXFrameworksBuildPhase;
			buildActionMask = 2147483647;
			files = (
			);
			runOnlyForDeploymentPostprocessing = 0;
		};
		33D5CD651F3F4D8F005EEEB7 /* Frameworks */ = {
			isa = PBXFrameworksBuildPhase;
			buildActionMask = 2147483647;
			files = (
			);
			runOnlyForDeploymentPostprocessing = 0;
		};
		33D5CD701F3F4D8F005EEEB7 /* Frameworks */ = {
			isa = PBXFrameworksBuildPhase;
			buildActionMask = 2147483647;
			files = (
			);
			runOnlyForDeploymentPostprocessing = 0;
		};
/* End PBXFrameworksBuildPhase section */

/* Begin PBXGroup section */
		33D5CD4B1F3F4D8F005EEEB7 = {
			isa = PBXGroup;
			children = (
				33D5CD561F3F4D8F005EEEB7 /* garatot */,
				33D5CD6B1F3F4D8F005EEEB7 /* garatotTests */,
				33D5CD761F3F4D8F005EEEB7 /* garatotUITests */,
				33D5CD551F3F4D8F005EEEB7 /* Products */,
			);
			sourceTree = "<group>";
		};
		33D5CD551F3F4D8F005EEEB7 /* Products */ = {
			isa = PBXGroup;
			children = (
				33D5CD541F3F4D8F005EEEB7 /* garatot.app */,
				33D5CD681F3F4D8F005EEEB7 /* garatotTests.xctest */,
				33D5CD731F3F4D8F005EEEB7 /* garatotUITests.xctest */,
			);
			name = Products;
			sourceTree = "<group>";
		};
		33D5CD561F3F4D8F005EEEB7 /* garatot */ = {
			isa = PBXGroup;
			children = (
				33D5CD571F3F4D8F005EEEB7 /* AppDelegate.swift */,
				33D5CD591F3F4D8F005EEEB7 /* ViewController.swift */,
				33D5CD5B1F3F4D8F005EEEB7 /* Main.storyboard */,
				33D5CD5E1F3F4D8F005EEEB7 /* Assets.xcassets */,
				33D5CD601F3F4D8F005EEEB7 /* LaunchScreen.storyboard */,
				33D5CD631F3F4D8F005EEEB7 /* Info.plist */,
			);
			path = garatot;
			sourceTree = "<group>";
		};
		33D5CD6B1F3F4D8F005EEEB7 /* garatotTests */ = {
			isa = PBXGroup;
			children = (
				33D5CD6C1F3F4D8F005EEEB7 /* garatotTests.swift */,
				33D5CD6E1F3F4D8F005EEEB7 /* Info.plist */,
			);
			path = garatotTests;
			sourceTree = "<group>";
		};
		33D5CD761F3F4D8F005EEEB7 /* garatotUITests */ = {
			isa = PBXGroup;
			children = (
				33D5CD771F3F4D8F005EEEB7 /* garatotUITests.swift */,
				33D5CD791F3F4D8F005EEEB7 /* Info.plist */,
			);
			path = garatotUITests;
			sourceTree = "<group>";
		};
/* End PBXGroup section */

/* Begin PBXNativeTarget section */
		33D5CD531F3F4D8F005EEEB7 /* garatot */ = {
			isa = PBXNativeTarget;
			buildConfigurationList = 33D5CD7C1F3F4D8F005EEEB7 /* Build configuration list for PBXNativeTarget "garatot" */;
			buildPhases = (
				33D5CD501F3F4D8F005EEEB7 /* Sources */,
				33D5CD511F3F4D8F005EEEB7 /* Frameworks */,
				33D5CD521F3F4D8F005EEEB7 /* Resources */,
			);
			buildRules = (
			);
			dependencies = (
			);
			name = garatot;
			productName = garatot;
			productReference = 33D5CD541F3F4D8F005EEEB7 /* garatot.app */;
			productType = "com.apple.product-type.application";
		};
		33D5CD671F3F4D8F005EEEB7 /* garatotTests */ = {
			isa = PBXNativeTarget;
			buildConfigurationList = 33D5CD7F1F3F4D8F005EEEB7 /* Build configuration list for PBXNativeTarget "garatotTests" */;
			buildPhases = (
				33D5CD641F3F4D8F005EEEB7 /* Sources */,
				33D5CD651F3F4D8F005EEEB7 /* Frameworks */,
				33D5CD661F3F4D8F005EEEB7 /* Resources */,
			);
			buildRules = (
			);
			dependencies = (
				33D5CD6A1F3F4D8F005EEEB7 /* PBXTargetDependency */,
			);
			name = garatotTests;
			productName = garatotTests;
			productReference = 33D5CD681F3F4D8F005EEEB7 /* garatotTests.xctest */;
			productType = "com.apple.product-type.bundle.unit-test";
		};
		33D5CD721F3F4D8F005EEEB7 /* garatotUITests */ = {
			isa = PBXNativeTarget;
			buildConfigurationList = 33D5CD821F3F4D8F005EEEB7 /* Build configuration list for PBXNativeTarget "garatotUITests" */;
			buildPhases = (
				33D5CD6F1F3F4D8F005EEEB7 /* Sources */,
				33D5CD701F3F4D8F005EEEB7 /* Frameworks */,
				33D5CD711F3F4D8F005EEEB7 /* Resources */,
			);
			buildRules = (
			);
			dependencies = (
				33D5CD751F3F4D8F005EEEB7 /* PBXTargetDependency */,
			);
			name = garatotUITests;
			productName = garatotUITests;
			productReference = 33D5CD731F3F4D8F005EEEB7 /* garatotUITests.xctest */;
			productType = "com.apple.product-type.bundle.ui-testing";
		};
/* End PBXNativeTarget section */

/* Begin PBXProject section */
		33D5CD4C1F3F4D8F005EEEB7 /* Project object */ = {
			isa = PBXProject;
			attributes = {
				LastSwiftUpdateCheck = 0830;
				LastUpgradeCheck = 0830;
				ORGANIZATIONNAME = VietLH;
				TargetAttributes = {
					33D5CD531F3F4D8F005EEEB7 = {
						CreatedOnToolsVersion = 8.3.3;
						DevelopmentTeam = D95825NFBM;
						ProvisioningStyle = Automatic;
					};
					33D5CD671F3F4D8F005EEEB7 = {
						CreatedOnToolsVersion = 8.3.3;
						DevelopmentTeam = D95825NFBM;
						ProvisioningStyle = Automatic;
						TestTargetID = 33D5CD531F3F4D8F005EEEB7;
					};
					33D5CD721F3F4D8F005EEEB7 = {
						CreatedOnToolsVersion = 8.3.3;
						DevelopmentTeam = D95825NFBM;
						ProvisioningStyle = Automatic;
						TestTargetID = 33D5CD531F3F4D8F005EEEB7;
					};
				};
			};
			buildConfigurationList = 33D5CD4F1F3F4D8F005EEEB7 /* Build configuration list for PBXProject "garatot" */;
			compatibilityVersion = "Xcode 3.2";
			developmentRegion = English;
			hasScannedForEncodings = 0;
			knownRegions = (
				en,
				Base,
			);
			mainGroup = 33D5CD4B1F3F4D8F005EEEB7;
			productRefGroup = 33D5CD551F3F4D8F005EEEB7 /* Products */;
			projectDirPath = "";
			projectRoot = "";
			targets = (
				33D5CD531F3F4D8F005EEEB7 /* garatot */,
				33D5CD671F3F4D8F005EEEB7 /* garatotTests */,
				33D5CD721F3F4D8F005EEEB7 /* garatotUITests */,
			);
		};
/* End PBXProject section */

/* Begin PBXResourcesBuildPhase section */
		33D5CD521F3F4D8F005EEEB7 /* Resources */ = {
			isa = PBXResourcesBuildPhase;
			buildActionMask = 2147483647;
			files = (
				33D5CD621F3F4D8F005EEEB7 /* LaunchScreen.storyboard in Resources */,
				33D5CD5F1F3F4D8F005EEEB7 /* Assets.xcassets in Resources */,
				33D5CD5D1F3F4D8F005EEEB7 /* Main.storyboard in Resources */,
			);
			runOnlyForDeploymentPostprocessing = 0;
		};
		33D5CD661F3F4D8F005EEEB7 /* Resources */ = {
			isa = PBXResourcesBuildPhase;
			buildActionMask = 2147483647;
			files = (
			);
			runOnlyForDeploymentPostprocessing = 0;
		};
		33D5CD711F3F4D8F005EEEB7 /* Resources */ = {
			isa = PBXResourcesBuildPhase;
			buildActionMask = 2147483647;
			files = (
			);
			runOnlyForDeploymentPostprocessing = 0;
		};
/* End PBXResourcesBuildPhase section */

/* Begin PBXSourcesBuildPhase section */
		33D5CD501F3F4D8F005EEEB7 /* Sources */ = {
			isa = PBXSourcesBuildPhase;
			buildActionMask = 2147483647;
			files = (
				33D5CD5A1F3F4D8F005EEEB7 /* ViewController.swift in Sources */,
				33D5CD581F3F4D8F005EEEB7 /* AppDelegate.swift in Sources */,
			);
			runOnlyForDeploymentPostprocessing = 0;
		};
		33D5CD641F3F4D8F005EEEB7 /* Sources */ = {
			isa = PBXSourcesBuildPhase;
			buildActionMask = 2147483647;
			files = (
				33D5CD6D1F3F4D8F005EEEB7 /* garatotTests.swift in Sources */,
			);
			runOnlyForDeploymentPostprocessing = 0;
		};
		33D5CD6F1F3F4D8F005EEEB7 /* Sources */ = {
			isa = PBXSourcesBuildPhase;
			buildActionMask = 2147483647;
			files = (
				33D5CD781F3F4D8F005EEEB7 /* garatotUITests.swift in Sources */,
			);
			runOnlyForDeploymentPostprocessing = 0;
		};
/* End PBXSourcesBuildPhase section */

/* Begin PBXTargetDependency section */
		33D5CD6A1F3F4D8F005EEEB7 /* PBXTargetDependency */ = {
			isa = PBXTargetDependency;
			target = 33D5CD531F3F4D8F005EEEB7 /* garatot */;
			targetProxy = 33D5CD691F3F4D8F005EEEB7 /* PBXContainerItemProxy */;
		};
		33D5CD751F3F4D8F005EEEB7 /* PBXTargetDependency */ = {
			isa = PBXTargetDependency;
			target = 33D5CD531F3F4D8F005EEEB7 /* garatot */;
			targetProxy = 33D5CD741F3F4D8F005EEEB7 /* PBXContainerItemProxy */;
		};
/* End PBXTargetDependency section */

/* Begin PBXVariantGroup section */
		33D5CD5B1F3F4D8F005EEEB7 /* Main.storyboard */ = {
			isa = PBXVariantGroup;
			children = (
				33D5CD5C1F3F4D8F005EEEB7 /* Base */,
			);
			name = Main.storyboard;
			sourceTree = "<group>";
		};
		33D5CD601F3F4D8F005EEEB7 /* LaunchScreen.storyboard */ = {
			isa = PBXVariantGroup;
			children = (
				33D5CD611F3F4D8F005EEEB7 /* Base */,
			);
			name = LaunchScreen.storyboard;
			sourceTree = "<group>";
		};
/* End PBXVariantGroup section */

/* Begin XCBuildConfiguration section */
		33D5CD7A1F3F4D8F005EEEB7 /* Debug */ = {
			isa = XCBuildConfiguration;
			buildSettings = {
				ALWAYS_SEARCH_USER_PATHS = NO;
				CLANG_ANALYZER_NONNULL = YES;
				CLANG_ANALYZER_NUMBER_OBJECT_CONVERSION = YES_AGGRESSIVE;
				CLANG_CXX_LANGUAGE_STANDARD = "gnu++0x";
				CLANG_CXX_LIBRARY = "libc++";
				CLANG_ENABLE_MODULES = YES;
				CLANG_ENABLE_OBJC_ARC = YES;
				CLANG_WARN_BOOL_CONVERSION = YES;
				CLANG_WARN_CONSTANT_CONVERSION = YES;
				CLANG_WARN_DIRECT_OBJC_ISA_USAGE = YES_ERROR;
				CLANG_WARN_DOCUMENTATION_COMMENTS = YES;
				CLANG_WARN_EMPTY_BODY = YES;
				CLANG_WARN_ENUM_CONVERSION = YES;
				CLANG_WARN_INFINITE_RECURSION = YES;
				CLANG_WARN_INT_CONVERSION = YES;
				CLANG_WARN_OBJC_ROOT_CLASS = YES_ERROR;
				CLANG_WARN_SUSPICIOUS_MOVE = YES;
				CLANG_WARN_UNREACHABLE_CODE = YES;
				CLANG_WARN__DUPLICATE_METHOD_MATCH = YES;
				"CODE_SIGN_IDENTITY[sdk=iphoneos*]" = "iPhone Developer";
				COPY_PHASE_STRIP = NO;
				DEBUG_INFORMATION_FORMAT = dwarf;
				ENABLE_STRICT_OBJC_MSGSEND = YES;
				ENABLE_TESTABILITY = YES;
				GCC_C_LANGUAGE_STANDARD = gnu99;
				GCC_DYNAMIC_NO_PIC = NO;
				GCC_NO_COMMON_BLOCKS = YES;
				GCC_OPTIMIZATION_LEVEL = 0;
				GCC_PREPROCESSOR_DEFINITIONS = (
					"DEBUG=1",
					"$(inherited)",
				);
				GCC_WARN_64_TO_32_BIT_CONVERSION = YES;
				GCC_WARN_ABOUT_RETURN_TYPE = YES_ERROR;
				GCC_WARN_UNDECLARED_SELECTOR = YES;
				GCC_WARN_UNINITIALIZED_AUTOS = YES_AGGRESSIVE;
				GCC_WARN_UNUSED_FUNCTION = YES;
				GCC_WARN_UNUSED_VARIABLE = YES;
				IPHONEOS_DEPLOYMENT_TARGET = 10.3;
				MTL_ENABLE_DEBUG_INFO = YES;
				ONLY_ACTIVE_ARCH = YES;
				SDKROOT = iphoneos;
				SWIFT_ACTIVE_COMPILATION_CONDITIONS = DEBUG;
				SWIFT_OPTIMIZATION_LEVEL = "-Onone";
				TARGETED_DEVICE_FAMILY = "1,2";
			};
			name = Debug;
		};
		33D5CD7B1F3F4D8F005EEEB7 /* Release */ = {
			isa = XCBuildConfiguration;
			buildSettings = {
				ALWAYS_SEARCH_USER_PATHS = NO;
				CLANG_ANALYZER_NONNULL = YES;
				CLANG_ANALYZER_NUMBER_OBJECT_CONVERSION = YES_AGGRESSIVE;
				CLANG_CXX_LANGUAGE_STANDARD = "gnu++0x";
				CLANG_CXX_LIBRARY = "libc++";
				CLANG_ENABLE_MODULES = YES;
				CLANG_ENABLE_OBJC_ARC = YES;
				CLANG_WARN_BOOL_CONVERSION = YES;
				CLANG_WARN_CONSTANT_CONVERSION = YES;
				CLANG_WARN_DIRECT_OBJC_ISA_USAGE = YES_ERROR;
				CLANG_WARN_DOCUMENTATION_COMMENTS = YES;
				CLANG_WARN_EMPTY_BODY = YES;
				CLANG_WARN_ENUM_CONVERSION = YES;
				CLANG_WARN_INFINITE_RECURSION = YES;
				CLANG_WARN_INT_CONVERSION = YES;
				CLANG_WARN_OBJC_ROOT_CLASS = YES_ERROR;
				CLANG_WARN_SUSPICIOUS_MOVE = YES;
				CLANG_WARN_UNREACHABLE_CODE = YES;
				CLANG_WARN__DUPLICATE_METHOD_MATCH = YES;
				"CODE_SIGN_IDENTITY[sdk=iphoneos*]" = "iPhone Developer";
				COPY_PHASE_STRIP = NO;
				DEBUG_INFORMATION_FORMAT = "dwarf-with-dsym";
				ENABLE_NS_ASSERTIONS = NO;
				ENABLE_STRICT_OBJC_MSGSEND = YES;
				GCC_C_LANGUAGE_STANDARD = gnu99;
				GCC_NO_COMMON_BLOCKS = YES;
				GCC_WARN_64_TO_32_BIT_CONVERSION = YES;
				GCC_WARN_ABOUT_RETURN_TYPE = YES_ERROR;
				GCC_WARN_UNDECLARED_SELECTOR = YES;
				GCC_WARN_UNINITIALIZED_AUTOS = YES_AGGRESSIVE;
				GCC_WARN_UNUSED_FUNCTION = YES;
				GCC_WARN_UNUSED_VARIABLE = YES;
				IPHONEOS_DEPLOYMENT_TARGET = 10.3;
				MTL_ENABLE_DEBUG_INFO = NO;
				SDKROOT = iphoneos;
				SWIFT_OPTIMIZATION_LEVEL = "-Owholemodule";
				TARGETED_DEVICE_FAMILY = "1,2";
				VALIDATE_PRODUCT = YES;
			};
			name = Release;
		};
		33D5CD7D1F3F4D8F005EEEB7 /* Debug */ = {
			isa = XCBuildConfiguration;
			buildSettings = {
				ASSETCATALOG_COMPILER_APPICON_NAME = AppIcon;
				DEVELOPMENT_TEAM = D95825NFBM;
				INFOPLIST_FILE = garatot/Info.plist;
				LD_RUNPATH_SEARCH_PATHS = "$(inherited) @executable_path/Frameworks";
				PRODUCT_BUNDLE_IDENTIFIER = com.vietlh.garatot;
				PRODUCT_NAME = "$(TARGET_NAME)";
				SWIFT_VERSION = 3.0;
			};
			name = Debug;
		};
		33D5CD7E1F3F4D8F005EEEB7 /* Release */ = {
			isa = XCBuildConfiguration;
			buildSettings = {
				ASSETCATALOG_COMPILER_APPICON_NAME = AppIcon;
				DEVELOPMENT_TEAM = D95825NFBM;
				INFOPLIST_FILE = garatot/Info.plist;
				LD_RUNPATH_SEARCH_PATHS = "$(inherited) @executable_path/Frameworks";
				PRODUCT_BUNDLE_IDENTIFIER = com.vietlh.garatot;
				PRODUCT_NAME = "$(TARGET_NAME)";
				SWIFT_VERSION = 3.0;
			};
			name = Release;
		};
		33D5CD801F3F4D8F005EEEB7 /* Debug */ = {
			isa = XCBuildConfiguration;
			buildSettings = {
				ALWAYS_EMBED_SWIFT_STANDARD_LIBRARIES = YES;
				BUNDLE_LOADER = "$(TEST_HOST)";
				DEVELOPMENT_TEAM = D95825NFBM;
				INFOPLIST_FILE = garatotTests/Info.plist;
				LD_RUNPATH_SEARCH_PATHS = "$(inherited) @executable_path/Frameworks @loader_path/Frameworks";
				PRODUCT_BUNDLE_IDENTIFIER = com.vietlh.garatotTests;
				PRODUCT_NAME = "$(TARGET_NAME)";
				SWIFT_VERSION = 3.0;
				TEST_HOST = "$(BUILT_PRODUCTS_DIR)/garatot.app/garatot";
			};
			name = Debug;
		};
		33D5CD811F3F4D8F005EEEB7 /* Release */ = {
			isa = XCBuildConfiguration;
			buildSettings = {
				ALWAYS_EMBED_SWIFT_STANDARD_LIBRARIES = YES;
				BUNDLE_LOADER = "$(TEST_HOST)";
				DEVELOPMENT_TEAM = D95825NFBM;
				INFOPLIST_FILE = garatotTests/Info.plist;
				LD_RUNPATH_SEARCH_PATHS = "$(inherited) @executable_path/Frameworks @loader_path/Frameworks";
				PRODUCT_BUNDLE_IDENTIFIER = com.vietlh.garatotTests;
				PRODUCT_NAME = "$(TARGET_NAME)";
				SWIFT_VERSION = 3.0;
				TEST_HOST = "$(BUILT_PRODUCTS_DIR)/garatot.app/garatot";
			};
			name = Release;
		};
		33D5CD831F3F4D8F005EEEB7 /* Debug */ = {
			isa = XCBuildConfiguration;
			buildSettings = {
				ALWAYS_EMBED_SWIFT_STANDARD_LIBRARIES = YES;
				DEVELOPMENT_TEAM = D95825NFBM;
				INFOPLIST_FILE = garatotUITests/Info.plist;
				LD_RUNPATH_SEARCH_PATHS = "$(inherited) @executable_path/Frameworks @loader_path/Frameworks";
				PRODUCT_BUNDLE_IDENTIFIER = com.vietlh.garatotUITests;
				PRODUCT_NAME = "$(TARGET_NAME)";
				SWIFT_VERSION = 3.0;
				TEST_TARGET_NAME = garatot;
			};
			name = Debug;
		};
		33D5CD841F3F4D8F005EEEB7 /* Release */ = {
			isa = XCBuildConfiguration;
			buildSettings = {
				ALWAYS_EMBED_SWIFT_STANDARD_LIBRARIES = YES;
				DEVELOPMENT_TEAM = D95825NFBM;
				INFOPLIST_FILE = garatotUITests/Info.plist;
				LD_RUNPATH_SEARCH_PATHS = "$(inherited) @executable_path/Frameworks @loader_path/Frameworks";
				PRODUCT_BUNDLE_IDENTIFIER = com.vietlh.garatotUITests;
				PRODUCT_NAME = "$(TARGET_NAME)";
				SWIFT_VERSION = 3.0;
				TEST_TARGET_NAME = garatot;
			};
			name = Release;
		};
/* End XCBuildConfiguration section */

/* Begin XCConfigurationList section */
		33D5CD4F1F3F4D8F005EEEB7 /* Build configuration list for PBXProject "garatot" */ = {
			isa = XCConfigurationList;
			buildConfigurations = (
				33D5CD7A1F3F4D8F005EEEB7 /* Debug */,
				33D5CD7B1F3F4D8F005EEEB7 /* Release */,
			);
			defaultConfigurationIsVisible = 0;
			defaultConfigurationName = Release;
		};
		33D5CD7C1F3F4D8F005EEEB7 /* Build configuration list for PBXNativeTarget "garatot" */ = {
			isa = XCConfigurationList;
			buildConfigurations = (
				33D5CD7D1F3F4D8F005EEEB7 /* Debug */,
				33D5CD7E1F3F4D8F005EEEB7 /* Release */,
			);
			defaultConfigurationIsVisible = 0;
		};
		33D5CD7F1F3F4D8F005EEEB7 /* Build configuration list for PBXNativeTarget "garatotTests" */ = {
			isa = XCConfigurationList;
			buildConfigurations = (
				33D5CD801F3F4D8F005EEEB7 /* Debug */,
				33D5CD811F3F4D8F005EEEB7 /* Release */,
			);
			defaultConfigurationIsVisible = 0;
		};
		33D5CD821F3F4D8F005EEEB7 /* Build configuration list for PBXNativeTarget "garatotUITests" */ = {
			isa = XCConfigurationList;
			buildConfigurations = (
				33D5CD831F3F4D8F005EEEB7 /* Debug */,
				33D5CD841F3F4D8F005EEEB7 /* Release */,
			);
			defaultConfigurationIsVisible = 0;
		};
/* End XCConfigurationList section */
	};
	rootObject = 33D5CD4C1F3F4D8F005EEEB7 /* Project object */;
}
